%{"carrier": {:git, "https://github.com/kevsmith/carrier.git", "f6a550d713ba71cafd19320820c99efb9fd5c7ca", []},
  "cog_chat": {:git, "https://github.com/kevsmith/cog_chat.git", "a18136cd6fb36cf205c82111ab19f517caffbc49", []},
  "conduit": {:git, "https://github.com/operable/conduit.git", "06bb0ed9638c5bf506a83d6c947068332d4dca11", []},
  "connection": {:hex, :connection, "1.0.4", "a1cae72211f0eef17705aaededacac3eb30e6625b04a6117c1b2db6ace7d5976", [:mix], []},
  "emqttc": {:git, "https://github.com/emqtt/emqttc.git", "815ebeca103025bbb5eb8e4b2f6a5f79e1236d4c", [branch: "master"]},
  "fast_xml": {:hex, :fast_xml, "1.1.18", "5cad4f35fa50070d38ef7cbb64975c6a8750e92b976f49e5bb88819f47451e69", [:rebar3], [{:p1_utils, "1.0.6", [hex: :p1_utils, optional: false]}]},
  "gen_logger": {:git, "https://github.com/emqtt/gen_logger.git", "b7aad1c3795c218e378eb1e37adce0fcd349680e", [branch: "master"]},
  "getopt": {:git, "https://github.com/jcomellas/getopt.git", "68fe326f2c7585eb32a5b136dffc75428a53fc02", [branch: "master"]},
  "goldrush": {:git, "https://github.com/basho/goldrush.git", "8f1b715d36b650ec1e1f5612c00e28af6ab0de82", [tag: "0.1.9"]},
  "greenbar": {:git, "https://github.com/operable/greenbar.git", "b8cc204d05387354e2ecaaecde64bed9661b3f0c", []},
  "greenbar_markdown": {:git, "https://github.com/operable/greenbar_markdown.git", "4b1b3318873d91d241532ceac11574a93745209c", []},
  "httpotion": {:hex, :httpotion, "3.0.2", "525b9bfeb592c914a61a8ee31fdde3871e1861dfe805f8ee5f711f9f11a93483", [:mix], [{:ibrowse, "~> 4.2", [hex: :ibrowse, optional: false]}]},
  "ibrowse": {:hex, :ibrowse, "4.2.2", "b32b5bafcc77b7277eff030ed32e1acc3f610c64e9f6aea19822abcadf681b4b", [:rebar3], []},
  "lager": {:git, "https://github.com/basho/lager.git", "81eaef0ce98fdbf64ab95665e3bc2ec4b24c7dac", [branch: "master"]},
  "p1_utils": {:hex, :p1_utils, "1.0.6", "ef0951ddf38e92b7e479af4b8dc950df76af8c1030432ef68b7fd7ad17c436fe", [:rebar3], []},
  "piper": {:git, "https://github.com/operable/piper.git", "0d642bba9ff201a9437f4b077ae3a506ebf8b6a0", []},
  "poison": {:hex, :poison, "2.2.0", "4763b69a8a77bd77d26f477d196428b741261a761257ff1cf92753a0d4d24a63", [:mix], []},
  "romeo": {:git, "https://github.com/operable/romeo.git", "65106b94f134a12791ec63fa284b0ce5e9358538", [branch: "iq-bodies"]},
  "table_rex": {:hex, :table_rex, "0.8.3", "1c68dfc6886d6f118f5047b0449d6402ae0ac5709064789e578c2f4659f4064b", [:mix], []},
  "uuid": {:hex, :uuid, "1.1.5", "96cb36d86ee82f912efea4d50464a5df606bf3f1163d6bdbb302d98474969369", [:mix], []}}
